{
    "name": "indijs",
    "version": "1.0.0",
    "lockfileVersion": 1,
    "requires": true,
    "dependencies": {
        "@types/node": {
            "version": "7.10.2",
            "resolved": "https://registry.npmjs.org/@types/node/-/node-7.10.2.tgz",
            "integrity": "sha512-RO4ig5taKmcrU4Rex8ojG1gpwFkjddzug9iPQSDvbewHN9vDpcFewevkaOK+KT+w1LeZnxbgOyfXwV4pxsQ4GQ==",
            "dev": true
        },
        "napi-thread-safe-callback": {
            "version": "0.0.6",
            "resolved": "https://registry.npmjs.org/napi-thread-safe-callback/-/napi-thread-safe-callback-0.0.6.tgz",
            "integrity": "sha512-X7uHCOCdY4u0yamDxDrv3jF2NtYc8A1nvPzBQgvpoSX+WB3jAe2cVNsY448V1ucq7Whf9Wdy02HEUoLW5rJKWg==",
            "dev": true
        },
        "node-addon-api": {
            "version": "1.6.2",
            "resolved": "https://registry.npmjs.org/node-addon-api/-/node-addon-api-1.6.2.tgz",
            "integrity": "sha512-479Bjw9nTE5DdBSZZWprFryHGjUaQC31y1wHo19We/k0BZlrmhqQitWoUL0cD8+scljCbIUL+E58oRDEakdGGA=="
        },
        "typescript": {
            "version": "2.9.2",
            "resolved": "https://registry.npmjs.org/typescript/-/typescript-2.9.2.tgz",
            "integrity": "sha512-Gr4p6nFNaoufRIY4NMdpQRNmgxVIGMs4Fcu/ujdYk3nAZqk7supzBE9idmvfZIlH/Cuj//dvi+019qEue9lV0w==",
            "dev": true
        }
    }
}
